{
    "_readme": [
        "This file locks the dependencies of your project to a known state",
        "Read more about it at https://getcomposer.org/doc/01-basic-usage.md#installing-dependencies",
        "This file is @generated automatically"
    ],
    "content-hash": "cf9773f9d68b0b63a92d2b0cbadaa9d1",
    "packages": [],
    "packages-dev": [
        {
            "name": "laraveldaily/larastarters",
            "version": "2.3.3",
            "source": {
                "type": "git",
                "url": "https://github.com/LaravelDaily/Larastarters.git",
                "reference": "291758a4feebcb32cca62fe003166d84e2bd6134"
            },
            "dist": {
                "type": "zip",
                "url": "https://api.github.com/repos/LaravelDaily/Larastarters/zipball/291758a4feebcb32cca62fe003166d84e2bd6134",
                "reference": "291758a4feebcb32cca62fe003166d84e2bd6134",
                "shasum": ""
            },
            "type": "library",
            "extra": {
                "laravel": {
                    "providers": [
                        "LaravelDaily\\Larastarters\\LarastartersServiceProvider"
                    ]
                }
            },
            "autoload": {
                "psr-4": {
                    "LaravelDaily\\Larastarters\\": "src"
                }
            },
            "notification-url": "https://packagist.org/downloads/",
            "license": [
                "MIT"
            ],
            "authors": [
                {
                    "name": "Povilas Korop",
                    "email": "povilas@laraveldaily.com"
                }
            ],
            "description": "Laravel Starter Kits with extra functions",
            "support": {
                "issues": "https://github.com/LaravelDaily/Larastarters/issues",
                "source": "https://github.com/LaravelDaily/Larastarters/tree/2.3.3"
            },
            "time": "2024-02-19T13:00:57+00:00"
        }
    ],
    "aliases": [],
    "minimum-stability": "stable",
    "stability-flags": [],
    "prefer-stable": false,
    "prefer-lowest": false,
    "platform": [],
    "platform-dev": [],
    "plugin-api-version": "2.3.0"
}
